
Microsoft Visual Studio Solution File, Format Version 12.00
Project("{FAE04EC0-301F-11D3-BF4B-00C04F79EFBC}") = "FileFS.Cli", "FileFS.Cli\FileFS.Cli.csproj", "{EB4131E5-9BA5-411D-9A99-FB9720103E2B}"
EndProject
Project("{FAE04EC0-301F-11D3-BF4B-00C04F79EFBC}") = "FileFS.Api.Tests", "FileFS.Api.Tests\FileFS.Api.Tests.csproj", "{B7FF70FC-0FBF-43B3-82B1-55020032D40D}"
EndProject
Project("{FAE04EC0-301F-11D3-BF4B-00C04F79EFBC}") = "FileFS.Api", "FileFS.Api\FileFS.Api.csproj", "{8B0E7613-3433-45A1-8078-B21CB37017B1}"
EndProject
Project("{FAE04EC0-301F-11D3-BF4B-00C04F79EFBC}") = "FileFs.DataAccess", "FileFs.DataAccess\FileFs.DataAccess.csproj", "{F903BDB1-BE46-4581-8253-BF62E811A35E}"
EndProject
Global
	GlobalSection(SolutionConfigurationPlatforms) = preSolution
		Debug|Any CPU = Debug|Any CPU
		Release|Any CPU = Release|Any CPU
	EndGlobalSection
	GlobalSection(ProjectConfigurationPlatforms) = postSolution
		{EB4131E5-9BA5-411D-9A99-FB9720103E2B}.Debug|Any CPU.ActiveCfg = Debug|Any CPU
		{EB4131E5-9BA5-411D-9A99-FB9720103E2B}.Debug|Any CPU.Build.0 = Debug|Any CPU
		{EB4131E5-9BA5-411D-9A99-FB9720103E2B}.Release|Any CPU.ActiveCfg = Release|Any CPU
		{EB4131E5-9BA5-411D-9A99-FB9720103E2B}.Release|Any CPU.Build.0 = Release|Any CPU
		{B7FF70FC-0FBF-43B3-82B1-55020032D40D}.Debug|Any CPU.ActiveCfg = Debug|Any CPU
		{B7FF70FC-0FBF-43B3-82B1-55020032D40D}.Debug|Any CPU.Build.0 = Debug|Any CPU
		{B7FF70FC-0FBF-43B3-82B1-55020032D40D}.Release|Any CPU.ActiveCfg = Release|Any CPU
		{B7FF70FC-0FBF-43B3-82B1-55020032D40D}.Release|Any CPU.Build.0 = Release|Any CPU
		{8B0E7613-3433-45A1-8078-B21CB37017B1}.Debug|Any CPU.ActiveCfg = Debug|Any CPU
		{8B0E7613-3433-45A1-8078-B21CB37017B1}.Debug|Any CPU.Build.0 = Debug|Any CPU
		{8B0E7613-3433-45A1-8078-B21CB37017B1}.Release|Any CPU.ActiveCfg = Release|Any CPU
		{8B0E7613-3433-45A1-8078-B21CB37017B1}.Release|Any CPU.Build.0 = Release|Any CPU
		{F903BDB1-BE46-4581-8253-BF62E811A35E}.Debug|Any CPU.ActiveCfg = Debug|Any CPU
		{F903BDB1-BE46-4581-8253-BF62E811A35E}.Debug|Any CPU.Build.0 = Debug|Any CPU
		{F903BDB1-BE46-4581-8253-BF62E811A35E}.Release|Any CPU.ActiveCfg = Release|Any CPU
		{F903BDB1-BE46-4581-8253-BF62E811A35E}.Release|Any CPU.Build.0 = Release|Any CPU
	EndGlobalSection
EndGlobal
